
Microsoft Visual Studio Solution File, Format Version 12.00
# Visual Studio Version 17
VisualStudioVersion = 17.3.32922.545
MinimumVisualStudioVersion = 10.0.40219.1
Project("{FAE04EC0-301F-11D3-BF4B-00C04F79EFBC}") = "LibraryDatabase", "LibraryDatabase\LibraryDatabase.csproj", "{E81FC535-7BAE-4C3F-B677-5D5D3CA647A8}"
EndProject
Global
	GlobalSection(SolutionConfigurationPlatforms) = preSolution
		Debug|Any CPU = Debug|Any CPU
		Release|Any CPU = Release|Any CPU
	EndGlobalSection
	GlobalSection(ProjectConfigurationPlatforms) = postSolution
		{E81FC535-7BAE-4C3F-B677-5D5D3CA647A8}.Debug|Any CPU.ActiveCfg = Debug|Any CPU
		{E81FC535-7BAE-4C3F-B677-5D5D3CA647A8}.Debug|Any CPU.Build.0 = Debug|Any CPU
		{E81FC535-7BAE-4C3F-B677-5D5D3CA647A8}.Release|Any CPU.ActiveCfg = Release|Any CPU
		{E81FC535-7BAE-4C3F-B677-5D5D3CA647A8}.Release|Any CPU.Build.0 = Release|Any CPU
	EndGlobalSection
	GlobalSection(SolutionProperties) = preSolution
		HideSolutionNode = FALSE
	EndGlobalSection
	GlobalSection(ExtensibilityGlobals) = postSolution
		SolutionGuid = {1F0DC1E2-EFCF-4DD8-8B3C-AF236D97691F}
	EndGlobalSection
EndGlobal
